
Microsoft Visual Studio Solution File, Format Version 12.00
# Visual Studio Version 16
VisualStudioVersion = 16.0.31105.61
MinimumVisualStudioVersion = 10.0.40219.1
Project("{FAE04EC0-301F-11D3-BF4B-00C04F79EFBC}") = "DATA", "DATA\DATA.csproj", "{CAA9CDB2-8068-41B9-B78E-1D04A5DC791A}"
EndProject
Project("{FAE04EC0-301F-11D3-BF4B-00C04F79EFBC}") = "WebApplication", "WebApplication\WebApplication.csproj", "{0564CF1A-C070-4737-B273-26854B4E7EA2}"
EndProject
Global
	GlobalSection(SolutionConfigurationPlatforms) = preSolution
		Debug|Any CPU = Debug|Any CPU
		Release|Any CPU = Release|Any CPU
	EndGlobalSection
	GlobalSection(ProjectConfigurationPlatforms) = postSolution
		{CAA9CDB2-8068-41B9-B78E-1D04A5DC791A}.Debug|Any CPU.ActiveCfg = Debug|Any CPU
		{CAA9CDB2-8068-41B9-B78E-1D04A5DC791A}.Debug|Any CPU.Build.0 = Debug|Any CPU
		{CAA9CDB2-8068-41B9-B78E-1D04A5DC791A}.Release|Any CPU.ActiveCfg = Release|Any CPU
		{CAA9CDB2-8068-41B9-B78E-1D04A5DC791A}.Release|Any CPU.Build.0 = Release|Any CPU
		{0564CF1A-C070-4737-B273-26854B4E7EA2}.Debug|Any CPU.ActiveCfg = Debug|Any CPU
		{0564CF1A-C070-4737-B273-26854B4E7EA2}.Debug|Any CPU.Build.0 = Debug|Any CPU
		{0564CF1A-C070-4737-B273-26854B4E7EA2}.Release|Any CPU.ActiveCfg = Release|Any CPU
		{0564CF1A-C070-4737-B273-26854B4E7EA2}.Release|Any CPU.Build.0 = Release|Any CPU
	EndGlobalSection
	GlobalSection(SolutionProperties) = preSolution
		HideSolutionNode = FALSE
	EndGlobalSection
	GlobalSection(ExtensibilityGlobals) = postSolution
		SolutionGuid = {C308E191-F0DE-4696-A4FE-4A686B4BE173}
	EndGlobalSection
EndGlobal
